
Microsoft Visual Studio Solution File, Format Version 12.00
# Visual Studio Version 17
VisualStudioVersion = 17.11.35303.130
MinimumVisualStudioVersion = 10.0.40219.1
Project("{FAE04EC0-301F-11D3-BF4B-00C04F79EFBC}") = "PIA MAD", "PIA MAD\PIA MAD.csproj", "{030691A7-CC48-4A52-BBBD-8007CA406373}"
EndProject
Global
	GlobalSection(SolutionConfigurationPlatforms) = preSolution
		Debug|Any CPU = Debug|Any CPU
		Release|Any CPU = Release|Any CPU
	EndGlobalSection
	GlobalSection(ProjectConfigurationPlatforms) = postSolution
		{030691A7-CC48-4A52-BBBD-8007CA406373}.Debug|Any CPU.ActiveCfg = Debug|Any CPU
		{030691A7-CC48-4A52-BBBD-8007CA406373}.Debug|Any CPU.Build.0 = Debug|Any CPU
		{030691A7-CC48-4A52-BBBD-8007CA406373}.Release|Any CPU.ActiveCfg = Release|Any CPU
		{030691A7-CC48-4A52-BBBD-8007CA406373}.Release|Any CPU.Build.0 = Release|Any CPU
	EndGlobalSection
	GlobalSection(SolutionProperties) = preSolution
		HideSolutionNode = FALSE
	EndGlobalSection
	GlobalSection(ExtensibilityGlobals) = postSolution
		SolutionGuid = {292F7CEE-2210-4296-9AD0-38EB9AC37695}
	EndGlobalSection
EndGlobal
